// !$*UTF8*$!
{
	archiveVersion = 1;
	classes = {
	};
	objectVersion = 50;
	objects = {

/* Begin PBXBuildFile section */
		542CA06D25FFCBCC003C3B67 /* AppDelegate.swift in Sources */ = {isa = PBXBuildFile; fileRef = 542CA06C25FFCBCC003C3B67 /* AppDelegate.swift */; };
		542CA06F25FFCBCC003C3B67 /* SceneDelegate.swift in Sources */ = {isa = PBXBuildFile; fileRef = 542CA06E25FFCBCC003C3B67 /* SceneDelegate.swift */; };
		542CA07125FFCBCC003C3B67 /* ViewController.swift in Sources */ = {isa = PBXBuildFile; fileRef = 542CA07025FFCBCC003C3B67 /* ViewController.swift */; };
		542CA07425FFCBCC003C3B67 /* Main.storyboard in Resources */ = {isa = PBXBuildFile; fileRef = 542CA07225FFCBCC003C3B67 /* Main.storyboard */; };
		542CA07625FFCBCE003C3B67 /* Assets.xcassets in Resources */ = {isa = PBXBuildFile; fileRef = 542CA07525FFCBCE003C3B67 /* Assets.xcassets */; };
		542CA07925FFCBCE003C3B67 /* LaunchScreen.storyboard in Resources */ = {isa = PBXBuildFile; fileRef = 542CA07725FFCBCE003C3B67 /* LaunchScreen.storyboard */; };
		542CA08225FFDFEB003C3B67 /* WebKit.framework in Frameworks */ = {isa = PBXBuildFile; fileRef = 542CA08125FFDFEB003C3B67 /* WebKit.framework */; };
		54777C93263C04B400AC48B4 /* .gitignore in Resources */ = {isa = PBXBuildFile; fileRef = 54777C92263C04B400AC48B4 /* .gitignore */; };
/* End PBXBuildFile section */

/* Begin PBXFileReference section */
		542CA06925FFCBCC003C3B67 /* AwesomeBrowser.app */ = {isa = PBXFileReference; explicitFileType = wrapper.application; includeInIndex = 0; path = AwesomeBrowser.app; sourceTree = BUILT_PRODUCTS_DIR; };
		542CA06C25FFCBCC003C3B67 /* AppDelegate.swift */ = {isa = PBXFileReference; lastKnownFileType = sourcecode.swift; path = AppDelegate.swift; sourceTree = "<group>"; };
		542CA06E25FFCBCC003C3B67 /* SceneDelegate.swift */ = {isa = PBXFileReference; lastKnownFileType = sourcecode.swift; path = SceneDelegate.swift; sourceTree = "<group>"; };
		542CA07025FFCBCC003C3B67 /* ViewController.swift */ = {isa = PBXFileReference; lastKnownFileType = sourcecode.swift; path = ViewController.swift; sourceTree = "<group>"; };
		542CA07325FFCBCC003C3B67 /* Base */ = {isa = PBXFileReference; lastKnownFileType = file.storyboard; name = Base; path = Base.lproj/Main.storyboard; sourceTree = "<group>"; };
		542CA07525FFCBCE003C3B67 /* Assets.xcassets */ = {isa = PBXFileReference; lastKnownFileType = folder.assetcatalog; path = Assets.xcassets; sourceTree = "<group>"; };
		542CA07825FFCBCE003C3B67 /* Base */ = {isa = PBXFileReference; lastKnownFileType = file.storyboard; name = Base; path = Base.lproj/LaunchScreen.storyboard; sourceTree = "<group>"; };
		542CA07A25FFCBCE003C3B67 /* Info.plist */ = {isa = PBXFileReference; lastKnownFileType = text.plist.xml; path = Info.plist; sourceTree = "<group>"; };
		542CA08125FFDFEB003C3B67 /* WebKit.framework */ = {isa = PBXFileReference; lastKnownFileType = wrapper.framework; name = WebKit.framework; path = System/Library/Frameworks/WebKit.framework; sourceTree = SDKROOT; };
		54777C92263C04B400AC48B4 /* .gitignore */ = {isa = PBXFileReference; lastKnownFileType = text; path = .gitignore; sourceTree = "<group>"; };
/* End PBXFileReference section */

/* Begin PBXFrameworksBuildPhase section */
		542CA06625FFCBCC003C3B67 /* Frameworks */ = {
			isa = PBXFrameworksBuildPhase;
			buildActionMask = 2147483647;
			files = (
				542CA08225FFDFEB003C3B67 /* WebKit.framework in Frameworks */,
			);
			runOnlyForDeploymentPostprocessing = 0;
		};
/* End PBXFrameworksBuildPhase section */

/* Begin PBXGroup section */
		542CA06025FFCBCC003C3B67 = {
			isa = PBXGroup;
			children = (
				542CA06B25FFCBCC003C3B67 /* AwesomeBrowser */,
				542CA06A25FFCBCC003C3B67 /* Products */,
				542CA08025FFDFEA003C3B67 /* Frameworks */,
			);
			sourceTree = "<group>";
		};
		542CA06A25FFCBCC003C3B67 /* Products */ = {
			isa = PBXGroup;
			children = (
				542CA06925FFCBCC003C3B67 /* AwesomeBrowser.app */,
			);
			name = Products;
			sourceTree = "<group>";
		};
		542CA06B25FFCBCC003C3B67 /* AwesomeBrowser */ = {
			isa = PBXGroup;
			children = (
				542CA06C25FFCBCC003C3B67 /* AppDelegate.swift */,
				542CA06E25FFCBCC003C3B67 /* SceneDelegate.swift */,
				542CA07025FFCBCC003C3B67 /* ViewController.swift */,
				54777C92263C04B400AC48B4 /* .gitignore */,
				542CA07225FFCBCC003C3B67 /* Main.storyboard */,
				542CA07525FFCBCE003C3B67 /* Assets.xcassets */,
				542CA07725FFCBCE003C3B67 /* LaunchScreen.storyboard */,
				542CA07A25FFCBCE003C3B67 /* Info.plist */,
			);
			path = AwesomeBrowser;
			sourceTree = "<group>";
		};
		542CA08025FFDFEA003C3B67 /* Frameworks */ = {
			isa = PBXGroup;
			children = (
				542CA08125FFDFEB003C3B67 /* WebKit.framework */,
			);
			name = Frameworks;
			sourceTree = "<group>";
		};
/* End PBXGroup section */

/* Begin PBXNativeTarget section */
		542CA06825FFCBCC003C3B67 /* AwesomeBrowser */ = {
			isa = PBXNativeTarget;
			buildConfigurationList = 542CA07D25FFCBCE003C3B67 /* Build configuration list for PBXNativeTarget "AwesomeBrowser" */;
			buildPhases = (
				542CA06525FFCBCC003C3B67 /* Sources */,
				542CA06625FFCBCC003C3B67 /* Frameworks */,
				542CA06725FFCBCC003C3B67 /* Resources */,
			);
			buildRules = (
			);
			dependencies = (
			);
			name = AwesomeBrowser;
			productName = AwesomeBrowser;
			productReference = 542CA06925FFCBCC003C3B67 /* AwesomeBrowser.app */;
			productType = "com.apple.product-type.application";
		};
/* End PBXNativeTarget section */

/* Begin PBXProject section */
		542CA06125FFCBCC003C3B67 /* Project object */ = {
			isa = PBXProject;
			attributes = {
				LastSwiftUpdateCheck = 1170;
				LastUpgradeCheck = 1170;
				ORGANIZATIONNAME = "Бейбарыс Шагай";
				TargetAttributes = {
					542CA06825FFCBCC003C3B67 = {
						CreatedOnToolsVersion = 11.7;
					};
				};
			};
			buildConfigurationList = 542CA06425FFCBCC003C3B67 /* Build configuration list for PBXProject "AwesomeBrowser" */;
			compatibilityVersion = "Xcode 9.3";
			developmentRegion = en;
			hasScannedForEncodings = 0;
			knownRegions = (
				en,
				Base,
			);
			mainGroup = 542CA06025FFCBCC003C3B67;
			productRefGroup = 542CA06A25FFCBCC003C3B67 /* Products */;
			projectDirPath = "";
			projectRoot = "";
			targets = (
				542CA06825FFCBCC003C3B67 /* AwesomeBrowser */,
			);
		};
/* End PBXProject section */

/* Begin PBXResourcesBuildPhase section */
		542CA06725FFCBCC003C3B67 /* Resources */ = {
			isa = PBXResourcesBuildPhase;
			buildActionMask = 2147483647;
			files = (
				54777C93263C04B400AC48B4 /* .gitignore in Resources */,
				542CA07925FFCBCE003C3B67 /* LaunchScreen.storyboard in Resources */,
				542CA07625FFCBCE003C3B67 /* Assets.xcassets in Resources */,
				542CA07425FFCBCC003C3B67 /* Main.storyboard in Resources */,
			);
			runOnlyForDeploymentPostprocessing = 0;
		};
/* End PBXResourcesBuildPhase section */

/* Begin PBXSourcesBuildPhase section */
		542CA06525FFCBCC003C3B67 /* Sources */ = {
			isa = PBXSourcesBuildPhase;
			buildActionMask = 2147483647;
			files = (
				542CA07125FFCBCC003C3B67 /* ViewController.swift in Sources */,
				542CA06D25FFCBCC003C3B67 /* AppDelegate.swift in Sources */,
				542CA06F25FFCBCC003C3B67 /* SceneDelegate.swift in Sources */,
			);
			runOnlyForDeploymentPostprocessing = 0;
		};
/* End PBXSourcesBuildPhase section */

/* Begin PBXVariantGroup section */
		542CA07225FFCBCC003C3B67 /* Main.storyboard */ = {
			isa = PBXVariantGroup;
			children = (
				542CA07325FFCBCC003C3B67 /* Base */,
			);
			name = Main.storyboard;
			sourceTree = "<group>";
		};
		542CA07725FFCBCE003C3B67 /* LaunchScreen.storyboard */ = {
			isa = PBXVariantGroup;
			children = (
				542CA07825FFCBCE003C3B67 /* Base */,
			);
			name = LaunchScreen.storyboard;
			sourceTree = "<group>";
		};
/* End PBXVariantGroup section */

/* Begin XCBuildConfiguration section */
		542CA07B25FFCBCE003C3B67 /* Debug */ = {
			isa = XCBuildConfiguration;
			buildSettings = {
				ALWAYS_SEARCH_USER_PATHS = NO;
				CLANG_ANALYZER_NONNULL = YES;
				CLANG_ANALYZER_NUMBER_OBJECT_CONVERSION = YES_AGGRESSIVE;
				CLANG_CXX_LANGUAGE_STANDARD = "gnu++14";
				CLANG_CXX_LIBRARY = "libc++";
				CLANG_ENABLE_MODULES = YES;
				CLANG_ENABLE_OBJC_ARC = YES;
				CLANG_ENABLE_OBJC_WEAK = YES;
				CLANG_WARN_BLOCK_CAPTURE_AUTORELEASING = YES;
				CLANG_WARN_BOOL_CONVERSION = YES;
				CLANG_WARN_COMMA = YES;
				CLANG_WARN_CONSTANT_CONVERSION = YES;
				CLANG_WARN_DEPRECATED_OBJC_IMPLEMENTATIONS = YES;
				CLANG_WARN_DIRECT_OBJC_ISA_USAGE = YES_ERROR;
				CLANG_WARN_DOCUMENTATION_COMMENTS = YES;
				CLANG_WARN_EMPTY_BODY = YES;
				CLANG_WARN_ENUM_CONVERSION = YES;
				CLANG_WARN_INFINITE_RECURSION = YES;
				CLANG_WARN_INT_CONVERSION = YES;
				CLANG_WARN_NON_LITERAL_NULL_CONVERSION = YES;
				CLANG_WARN_OBJC_IMPLICIT_RETAIN_SELF = YES;
				CLANG_WARN_OBJC_LITERAL_CONVERSION = YES;
				CLANG_WARN_OBJC_ROOT_CLASS = YES_ERROR;
				CLANG_WARN_RANGE_LOOP_ANALYSIS = YES;
				CLANG_WARN_STRICT_PROTOTYPES = YES;
				CLANG_WARN_SUSPICIOUS_MOVE = YES;
				CLANG_WARN_UNGUARDED_AVAILABILITY = YES_AGGRESSIVE;
				CLANG_WARN_UNREACHABLE_CODE = YES;
				CLANG_WARN__DUPLICATE_METHOD_MATCH = YES;
				COPY_PHASE_STRIP = NO;
				DEBUG_INFORMATION_FORMAT = dwarf;
				ENABLE_STRICT_OBJC_MSGSEND = YES;
				ENABLE_TESTABILITY = YES;
				GCC_C_LANGUAGE_STANDARD = gnu11;
				GCC_DYNAMIC_NO_PIC = NO;
				GCC_NO_COMMON_BLOCKS = YES;
				GCC_OPTIMIZATION_LEVEL = 0;
				GCC_PREPROCESSOR_DEFINITIONS = (
					"DEBUG=1",
					"$(inherited)",
				);
				GCC_WARN_64_TO_32_BIT_CONVERSION = YES;
				GCC_WARN_ABOUT_RETURN_TYPE = YES_ERROR;
				GCC_WARN_UNDECLARED_SELECTOR = YES;
				GCC_WARN_UNINITIALIZED_AUTOS = YES_AGGRESSIVE;
				GCC_WARN_UNUSED_FUNCTION = YES;
				GCC_WARN_UNUSED_VARIABLE = YES;
				IPHONEOS_DEPLOYMENT_TARGET = 13.7;
				MTL_ENABLE_DEBUG_INFO = INCLUDE_SOURCE;
				MTL_FAST_MATH = YES;
				ONLY_ACTIVE_ARCH = YES;
				SDKROOT = iphoneos;
				SWIFT_ACTIVE_COMPILATION_CONDITIONS = DEBUG;
				SWIFT_OPTIMIZATION_LEVEL = "-Onone";
			};
			name = Debug;
		};
		542CA07C25FFCBCE003C3B67 /* Release */ = {
			isa = XCBuildConfiguration;
			buildSettings = {
				ALWAYS_SEARCH_USER_PATHS = NO;
				CLANG_ANALYZER_NONNULL = YES;
				CLANG_ANALYZER_NUMBER_OBJECT_CONVERSION = YES_AGGRESSIVE;
				CLANG_CXX_LANGUAGE_STANDARD = "gnu++14";
				CLANG_CXX_LIBRARY = "libc++";
				CLANG_ENABLE_MODULES = YES;
				CLANG_ENABLE_OBJC_ARC = YES;
				CLANG_ENABLE_OBJC_WEAK = YES;
				CLANG_WARN_BLOCK_CAPTURE_AUTORELEASING = YES;
				CLANG_WARN_BOOL_CONVERSION = YES;
				CLANG_WARN_COMMA = YES;
				CLANG_WARN_CONSTANT_CONVERSION = YES;
				CLANG_WARN_DEPRECATED_OBJC_IMPLEMENTATIONS = YES;
				CLANG_WARN_DIRECT_OBJC_ISA_USAGE = YES_ERROR;
				CLANG_WARN_DOCUMENTATION_COMMENTS = YES;
				CLANG_WARN_EMPTY_BODY = YES;
				CLANG_WARN_ENUM_CONVERSION = YES;
				CLANG_WARN_INFINITE_RECURSION = YES;
				CLANG_WARN_INT_CONVERSION = YES;
				CLANG_WARN_NON_LITERAL_NULL_CONVERSION = YES;
				CLANG_WARN_OBJC_IMPLICIT_RETAIN_SELF = YES;
				CLANG_WARN_OBJC_LITERAL_CONVERSION = YES;
				CLANG_WARN_OBJC_ROOT_CLASS = YES_ERROR;
				CLANG_WARN_RANGE_LOOP_ANALYSIS = YES;
				CLANG_WARN_STRICT_PROTOTYPES = YES;
				CLANG_WARN_SUSPICIOUS_MOVE = YES;
				CLANG_WARN_UNGUARDED_AVAILABILITY = YES_AGGRESSIVE;
				CLANG_WARN_UNREACHABLE_CODE = YES;
				CLANG_WARN__DUPLICATE_METHOD_MATCH = YES;
				COPY_PHASE_STRIP = NO;
				DEBUG_INFORMATION_FORMAT = "dwarf-with-dsym";
				ENABLE_NS_ASSERTIONS = NO;
				ENABLE_STRICT_OBJC_MSGSEND = YES;
				GCC_C_LANGUAGE_STANDARD = gnu11;
				GCC_NO_COMMON_BLOCKS = YES;
				GCC_WARN_64_TO_32_BIT_CONVERSION = YES;
				GCC_WARN_ABOUT_RETURN_TYPE = YES_ERROR;
				GCC_WARN_UNDECLARED_SELECTOR = YES;
				GCC_WARN_UNINITIALIZED_AUTOS = YES_AGGRESSIVE;
				GCC_WARN_UNUSED_FUNCTION = YES;
				GCC_WARN_UNUSED_VARIABLE = YES;
				IPHONEOS_DEPLOYMENT_TARGET = 13.7;
				MTL_ENABLE_DEBUG_INFO = NO;
				MTL_FAST_MATH = YES;
				SDKROOT = iphoneos;
				SWIFT_COMPILATION_MODE = wholemodule;
				SWIFT_OPTIMIZATION_LEVEL = "-O";
				VALIDATE_PRODUCT = YES;
			};
			name = Release;
		};
		542CA07E25FFCBCE003C3B67 /* Debug */ = {
			isa = XCBuildConfiguration;
			buildSettings = {
				ASSETCATALOG_COMPILER_APPICON_NAME = AppIcon;
				CODE_SIGN_STYLE = Automatic;
				DEVELOPMENT_TEAM = D2HRKMFNN5;
				INFOPLIST_FILE = AwesomeBrowser/Info.plist;
				LD_RUNPATH_SEARCH_PATHS = (
					"$(inherited)",
					"@executable_path/Frameworks",
				);
				PRODUCT_BUNDLE_IDENTIFIER = wordnik.api.AwesomeBrowser;
				PRODUCT_NAME = "$(TARGET_NAME)";
				SWIFT_VERSION = 5.0;
				TARGETED_DEVICE_FAMILY = "1,2";
			};
			name = Debug;
		};
		542CA07F25FFCBCE003C3B67 /* Release */ = {
			isa = XCBuildConfiguration;
			buildSettings = {
				ASSETCATALOG_COMPILER_APPICON_NAME = AppIcon;
				CODE_SIGN_STYLE = Automatic;
				DEVELOPMENT_TEAM = D2HRKMFNN5;
				INFOPLIST_FILE = AwesomeBrowser/Info.plist;
				LD_RUNPATH_SEARCH_PATHS = (
					"$(inherited)",
					"@executable_path/Frameworks",
				);
				PRODUCT_BUNDLE_IDENTIFIER = wordnik.api.AwesomeBrowser;
				PRODUCT_NAME = "$(TARGET_NAME)";
				SWIFT_VERSION = 5.0;
				TARGETED_DEVICE_FAMILY = "1,2";
			};
			name = Release;
		};
/* End XCBuildConfiguration section */

/* Begin XCConfigurationList section */
		542CA06425FFCBCC003C3B67 /* Build configuration list for PBXProject "AwesomeBrowser" */ = {
			isa = XCConfigurationList;
			buildConfigurations = (
				542CA07B25FFCBCE003C3B67 /* Debug */,
				542CA07C25FFCBCE003C3B67 /* Release */,
			);
			defaultConfigurationIsVisible = 0;
			defaultConfigurationName = Release;
		};
		542CA07D25FFCBCE003C3B67 /* Build configuration list for PBXNativeTarget "AwesomeBrowser" */ = {
			isa = XCConfigurationList;
			buildConfigurations = (
				542CA07E25FFCBCE003C3B67 /* Debug */,
				542CA07F25FFCBCE003C3B67 /* Release */,
			);
			defaultConfigurationIsVisible = 0;
			defaultConfigurationName = Release;
		};
/* End XCConfigurationList section */
	};
	rootObject = 542CA06125FFCBCC003C3B67 /* Project object */;
}
